
Microsoft Visual Studio Solution File, Format Version 12.00
# Visual Studio Version 17
VisualStudioVersion = 17.8.34525.116
MinimumVisualStudioVersion = 10.0.40219.1
Project("{2150E333-8FDC-42A3-9474-1A3956D46DE8}") = "src", "src", "{0B7E33FE-E303-41E5-9B40-B1B02579D46C}"
EndProject
Project("{2150E333-8FDC-42A3-9474-1A3956D46DE8}") = "test", "test", "{1BFB2E52-FB9D-4632-817B-32DAE6C3C5D0}"
EndProject
Project("{2150E333-8FDC-42A3-9474-1A3956D46DE8}") = "01.Core", "01.Core", "{1867D5C6-ECAF-46D1-AADF-CA3C1D6CAF17}"
EndProject
Project("{2150E333-8FDC-42A3-9474-1A3956D46DE8}") = "02.Application", "02.Application", "{A511754C-8CD7-4A12-B161-202D3248C498}"
EndProject
Project("{2150E333-8FDC-42A3-9474-1A3956D46DE8}") = "03.Infrastructure", "03.Infrastructure", "{E54DF645-29B1-4590-A40F-CBEE7E8FE498}"
EndProject
Project("{2150E333-8FDC-42A3-9474-1A3956D46DE8}") = "04.Presentation", "04.Presentation", "{652A9CAE-80E3-4681-9A13-E8154DC6E5E7}"
EndProject
Project("{2150E333-8FDC-42A3-9474-1A3956D46DE8}") = "00.Common", "00.Common", "{48E23DF3-B563-45E2-A8E8-FA9A7CCE2EBB}"
EndProject
Project("{9A19103F-16F7-4668-BE54-9A1E7A4F7556}") = "OAuth.Common", "src\00.Common\OAuth.Common\OAuth.Common.csproj", "{EA0E254E-765C-4772-9411-D87284E30642}"
EndProject
Project("{9A19103F-16F7-4668-BE54-9A1E7A4F7556}") = "OAuth.Core", "src\01.Core\OAuth.Core\OAuth.Core.csproj", "{0DBFFD51-6220-4A33-9F27-8A977B5119AE}"
EndProject
Project("{9A19103F-16F7-4668-BE54-9A1E7A4F7556}") = "OAuth.Infrastructure", "src\03.Infrastructure\OAuth.Infrastructure\OAuth.Infrastructure.csproj", "{74D0891E-18A8-48D3-9F26-5ACDE9968811}"
EndProject
Project("{9A19103F-16F7-4668-BE54-9A1E7A4F7556}") = "OAuth.Presentation", "src\04.Presentation\OAuth.Presentation\OAuth.Presentation.csproj", "{49212561-878F-4ACB-B476-7DFC4495D47C}"
EndProject
Project("{9A19103F-16F7-4668-BE54-9A1E7A4F7556}") = "OAuth.Application", "src\02.Application\OAuth.Application\OAuth.Application.csproj", "{F546D0A9-3C65-42F7-96DB-D1F6E9DDD070}"
EndProject
Project("{9A19103F-16F7-4668-BE54-9A1E7A4F7556}") = "OAuthTest", "test\OAuthTest\OAuthTest\OAuthTest.csproj", "{524A49BE-1A0E-4C5F-B39C-02B375817F9A}"
EndProject
Project("{FAE04EC0-301F-11D3-BF4B-00C04F79EFBC}") = "TestJwt", "test\TestJwt\TestJwt.csproj", "{6587C067-3754-43A9-9A8A-C946283A0645}"
EndProject
Global
	GlobalSection(SolutionConfigurationPlatforms) = preSolution
		Debug|Any CPU = Debug|Any CPU
		Release|Any CPU = Release|Any CPU
	EndGlobalSection
	GlobalSection(ProjectConfigurationPlatforms) = postSolution
		{EA0E254E-765C-4772-9411-D87284E30642}.Debug|Any CPU.ActiveCfg = Debug|Any CPU
		{EA0E254E-765C-4772-9411-D87284E30642}.Debug|Any CPU.Build.0 = Debug|Any CPU
		{EA0E254E-765C-4772-9411-D87284E30642}.Release|Any CPU.ActiveCfg = Release|Any CPU
		{EA0E254E-765C-4772-9411-D87284E30642}.Release|Any CPU.Build.0 = Release|Any CPU
		{0DBFFD51-6220-4A33-9F27-8A977B5119AE}.Debug|Any CPU.ActiveCfg = Debug|Any CPU
		{0DBFFD51-6220-4A33-9F27-8A977B5119AE}.Debug|Any CPU.Build.0 = Debug|Any CPU
		{0DBFFD51-6220-4A33-9F27-8A977B5119AE}.Release|Any CPU.ActiveCfg = Release|Any CPU
		{0DBFFD51-6220-4A33-9F27-8A977B5119AE}.Release|Any CPU.Build.0 = Release|Any CPU
		{74D0891E-18A8-48D3-9F26-5ACDE9968811}.Debug|Any CPU.ActiveCfg = Debug|Any CPU
		{74D0891E-18A8-48D3-9F26-5ACDE9968811}.Debug|Any CPU.Build.0 = Debug|Any CPU
		{74D0891E-18A8-48D3-9F26-5ACDE9968811}.Release|Any CPU.ActiveCfg = Release|Any CPU
		{74D0891E-18A8-48D3-9F26-5ACDE9968811}.Release|Any CPU.Build.0 = Release|Any CPU
		{49212561-878F-4ACB-B476-7DFC4495D47C}.Debug|Any CPU.ActiveCfg = Debug|Any CPU
		{49212561-878F-4ACB-B476-7DFC4495D47C}.Debug|Any CPU.Build.0 = Debug|Any CPU
		{49212561-878F-4ACB-B476-7DFC4495D47C}.Release|Any CPU.ActiveCfg = Release|Any CPU
		{49212561-878F-4ACB-B476-7DFC4495D47C}.Release|Any CPU.Build.0 = Release|Any CPU
		{F546D0A9-3C65-42F7-96DB-D1F6E9DDD070}.Debug|Any CPU.ActiveCfg = Debug|Any CPU
		{F546D0A9-3C65-42F7-96DB-D1F6E9DDD070}.Debug|Any CPU.Build.0 = Debug|Any CPU
		{F546D0A9-3C65-42F7-96DB-D1F6E9DDD070}.Release|Any CPU.ActiveCfg = Release|Any CPU
		{F546D0A9-3C65-42F7-96DB-D1F6E9DDD070}.Release|Any CPU.Build.0 = Release|Any CPU
		{524A49BE-1A0E-4C5F-B39C-02B375817F9A}.Debug|Any CPU.ActiveCfg = Debug|Any CPU
		{524A49BE-1A0E-4C5F-B39C-02B375817F9A}.Debug|Any CPU.Build.0 = Debug|Any CPU
		{524A49BE-1A0E-4C5F-B39C-02B375817F9A}.Release|Any CPU.ActiveCfg = Release|Any CPU
		{524A49BE-1A0E-4C5F-B39C-02B375817F9A}.Release|Any CPU.Build.0 = Release|Any CPU
		{6587C067-3754-43A9-9A8A-C946283A0645}.Debug|Any CPU.ActiveCfg = Debug|Any CPU
		{6587C067-3754-43A9-9A8A-C946283A0645}.Debug|Any CPU.Build.0 = Debug|Any CPU
		{6587C067-3754-43A9-9A8A-C946283A0645}.Release|Any CPU.ActiveCfg = Release|Any CPU
		{6587C067-3754-43A9-9A8A-C946283A0645}.Release|Any CPU.Build.0 = Release|Any CPU
	EndGlobalSection
	GlobalSection(SolutionProperties) = preSolution
		HideSolutionNode = FALSE
	EndGlobalSection
	GlobalSection(NestedProjects) = preSolution
		{1867D5C6-ECAF-46D1-AADF-CA3C1D6CAF17} = {0B7E33FE-E303-41E5-9B40-B1B02579D46C}
		{A511754C-8CD7-4A12-B161-202D3248C498} = {0B7E33FE-E303-41E5-9B40-B1B02579D46C}
		{E54DF645-29B1-4590-A40F-CBEE7E8FE498} = {0B7E33FE-E303-41E5-9B40-B1B02579D46C}
		{652A9CAE-80E3-4681-9A13-E8154DC6E5E7} = {0B7E33FE-E303-41E5-9B40-B1B02579D46C}
		{48E23DF3-B563-45E2-A8E8-FA9A7CCE2EBB} = {0B7E33FE-E303-41E5-9B40-B1B02579D46C}
		{EA0E254E-765C-4772-9411-D87284E30642} = {48E23DF3-B563-45E2-A8E8-FA9A7CCE2EBB}
		{0DBFFD51-6220-4A33-9F27-8A977B5119AE} = {1867D5C6-ECAF-46D1-AADF-CA3C1D6CAF17}
		{74D0891E-18A8-48D3-9F26-5ACDE9968811} = {E54DF645-29B1-4590-A40F-CBEE7E8FE498}
		{49212561-878F-4ACB-B476-7DFC4495D47C} = {652A9CAE-80E3-4681-9A13-E8154DC6E5E7}
		{F546D0A9-3C65-42F7-96DB-D1F6E9DDD070} = {A511754C-8CD7-4A12-B161-202D3248C498}
		{524A49BE-1A0E-4C5F-B39C-02B375817F9A} = {1BFB2E52-FB9D-4632-817B-32DAE6C3C5D0}
		{6587C067-3754-43A9-9A8A-C946283A0645} = {1BFB2E52-FB9D-4632-817B-32DAE6C3C5D0}
	EndGlobalSection
	GlobalSection(ExtensibilityGlobals) = postSolution
		SolutionGuid = {A66E822A-085E-425E-B118-20930BE13504}
	EndGlobalSection
EndGlobal
